// !$*UTF8*$!
{
	archiveVersion = 1;
	classes = {
	};
	objectVersion = 46;
	objects = {

/* Begin PBXBuildFile section */
		B65531581C85A1E200624231 /* AppDelegate.swift in Sources */ = {isa = PBXBuildFile; fileRef = B65531571C85A1E200624231 /* AppDelegate.swift */; };
		B655315A1C85A1E200624231 /* ViewController.swift in Sources */ = {isa = PBXBuildFile; fileRef = B65531591C85A1E200624231 /* ViewController.swift */; };
		B655315D1C85A1E200624231 /* Main.storyboard in Resources */ = {isa = PBXBuildFile; fileRef = B655315B1C85A1E200624231 /* Main.storyboard */; };
		B655315F1C85A1E200624231 /* Assets.xcassets in Resources */ = {isa = PBXBuildFile; fileRef = B655315E1C85A1E200624231 /* Assets.xcassets */; };
		B65531621C85A1E200624231 /* LaunchScreen.storyboard in Resources */ = {isa = PBXBuildFile; fileRef = B65531601C85A1E200624231 /* LaunchScreen.storyboard */; };
/* End PBXBuildFile section */

/* Begin PBXFileReference section */
		B65531541C85A1E200624231 /* Noughts and Crosses.app */ = {isa = PBXFileReference; explicitFileType = wrapper.application; includeInIndex = 0; path = "Noughts and Crosses.app"; sourceTree = BUILT_PRODUCTS_DIR; };
		B65531571C85A1E200624231 /* AppDelegate.swift */ = {isa = PBXFileReference; lastKnownFileType = sourcecode.swift; path = AppDelegate.swift; sourceTree = "<group>"; };
		B65531591C85A1E200624231 /* ViewController.swift */ = {isa = PBXFileReference; lastKnownFileType = sourcecode.swift; path = ViewController.swift; sourceTree = "<group>"; };
		B655315C1C85A1E200624231 /* Base */ = {isa = PBXFileReference; lastKnownFileType = file.storyboard; name = Base; path = Base.lproj/Main.storyboard; sourceTree = "<group>"; };
		B655315E1C85A1E200624231 /* Assets.xcassets */ = {isa = PBXFileReference; lastKnownFileType = folder.assetcatalog; path = Assets.xcassets; sourceTree = "<group>"; };
		B65531611C85A1E200624231 /* Base */ = {isa = PBXFileReference; lastKnownFileType = file.storyboard; name = Base; path = Base.lproj/LaunchScreen.storyboard; sourceTree = "<group>"; };
		B65531631C85A1E200624231 /* Info.plist */ = {isa = PBXFileReference; lastKnownFileType = text.plist.xml; path = Info.plist; sourceTree = "<group>"; };
/* End PBXFileReference section */

/* Begin PBXFrameworksBuildPhase section */
		B65531511C85A1E200624231 /* Frameworks */ = {
			isa = PBXFrameworksBuildPhase;
			buildActionMask = 2147483647;
			files = (
			);
			runOnlyForDeploymentPostprocessing = 0;
		};
/* End PBXFrameworksBuildPhase section */

/* Begin PBXGroup section */
		B655314B1C85A1E200624231 = {
			isa = PBXGroup;
			children = (
				B65531561C85A1E200624231 /* Noughts and Crosses */,
				B65531551C85A1E200624231 /* Products */,
			);
			sourceTree = "<group>";
		};
		B65531551C85A1E200624231 /* Products */ = {
			isa = PBXGroup;
			children = (
				B65531541C85A1E200624231 /* Noughts and Crosses.app */,
			);
			name = Products;
			sourceTree = "<group>";
		};
		B65531561C85A1E200624231 /* Noughts and Crosses */ = {
			isa = PBXGroup;
			children = (
				B65531571C85A1E200624231 /* AppDelegate.swift */,
				B65531591C85A1E200624231 /* ViewController.swift */,
				B655315B1C85A1E200624231 /* Main.storyboard */,
				B655315E1C85A1E200624231 /* Assets.xcassets */,
				B65531601C85A1E200624231 /* LaunchScreen.storyboard */,
				B65531631C85A1E200624231 /* Info.plist */,
			);
			path = "Noughts and Crosses";
			sourceTree = "<group>";
		};
/* End PBXGroup section */

/* Begin PBXNativeTarget section */
		B65531531C85A1E200624231 /* Noughts and Crosses */ = {
			isa = PBXNativeTarget;
			buildConfigurationList = B65531661C85A1E200624231 /* Build configuration list for PBXNativeTarget "Noughts and Crosses" */;
			buildPhases = (
				B65531501C85A1E200624231 /* Sources */,
				B65531511C85A1E200624231 /* Frameworks */,
				B65531521C85A1E200624231 /* Resources */,
			);
			buildRules = (
			);
			dependencies = (
			);
			name = "Noughts and Crosses";
			productName = "Noughts and Crosses";
			productReference = B65531541C85A1E200624231 /* Noughts and Crosses.app */;
			productType = "com.apple.product-type.application";
		};
/* End PBXNativeTarget section */

/* Begin PBXProject section */
		B655314C1C85A1E200624231 /* Project object */ = {
			isa = PBXProject;
			attributes = {
				LastSwiftUpdateCheck = 0720;
				LastUpgradeCheck = 0720;
				ORGANIZATIONNAME = "Sandra Adams-Hallie";
				TargetAttributes = {
					B65531531C85A1E200624231 = {
						CreatedOnToolsVersion = 7.2.1;
						DevelopmentTeam = CUCMS62PXX;
					};
				};
			};
			buildConfigurationList = B655314F1C85A1E200624231 /* Build configuration list for PBXProject "Noughts and Crosses" */;
			compatibilityVersion = "Xcode 3.2";
			developmentRegion = English;
			hasScannedForEncodings = 0;
			knownRegions = (
				en,
				Base,
			);
			mainGroup = B655314B1C85A1E200624231;
			productRefGroup = B65531551C85A1E200624231 /* Products */;
			projectDirPath = "";
			projectRoot = "";
			targets = (
				B65531531C85A1E200624231 /* Noughts and Crosses */,
			);
		};
/* End PBXProject section */

/* Begin PBXResourcesBuildPhase section */
		B65531521C85A1E200624231 /* Resources */ = {
			isa = PBXResourcesBuildPhase;
			buildActionMask = 2147483647;
			files = (
				B65531621C85A1E200624231 /* LaunchScreen.storyboard in Resources */,
				B655315F1C85A1E200624231 /* Assets.xcassets in Resources */,
				B655315D1C85A1E200624231 /* Main.storyboard in Resources */,
			);
			runOnlyForDeploymentPostprocessing = 0;
		};
/* End PBXResourcesBuildPhase section */

/* Begin PBXSourcesBuildPhase section */
		B65531501C85A1E200624231 /* Sources */ = {
			isa = PBXSourcesBuildPhase;
			buildActionMask = 2147483647;
			files = (
				B655315A1C85A1E200624231 /* ViewController.swift in Sources */,
				B65531581C85A1E200624231 /* AppDelegate.swift in Sources */,
			);
			runOnlyForDeploymentPostprocessing = 0;
		};
/* End PBXSourcesBuildPhase section */

/* Begin PBXVariantGroup section */
		B655315B1C85A1E200624231 /* Main.storyboard */ = {
			isa = PBXVariantGroup;
			children = (
				B655315C1C85A1E200624231 /* Base */,
			);
			name = Main.storyboard;
			sourceTree = "<group>";
		};
		B65531601C85A1E200624231 /* LaunchScreen.storyboard */ = {
			isa = PBXVariantGroup;
			children = (
				B65531611C85A1E200624231 /* Base */,
			);
			name = LaunchScreen.storyboard;
			sourceTree = "<group>";
		};
/* End PBXVariantGroup section */

/* Begin XCBuildConfiguration section */
		B65531641C85A1E200624231 /* Debug */ = {
			isa = XCBuildConfiguration;
			buildSettings = {
				ALWAYS_SEARCH_USER_PATHS = NO;
				CLANG_CXX_LANGUAGE_STANDARD = "gnu++0x";
				CLANG_CXX_LIBRARY = "libc++";
				CLANG_ENABLE_MODULES = YES;
				CLANG_ENABLE_OBJC_ARC = YES;
				CLANG_WARN_BOOL_CONVERSION = YES;
				CLANG_WARN_CONSTANT_CONVERSION = YES;
				CLANG_WARN_DIRECT_OBJC_ISA_USAGE = YES_ERROR;
				CLANG_WARN_EMPTY_BODY = YES;
				CLANG_WARN_ENUM_CONVERSION = YES;
				CLANG_WARN_INT_CONVERSION = YES;
				CLANG_WARN_OBJC_ROOT_CLASS = YES_ERROR;
				CLANG_WARN_UNREACHABLE_CODE = YES;
				CLANG_WARN__DUPLICATE_METHOD_MATCH = YES;
				"CODE_SIGN_IDENTITY[sdk=iphoneos*]" = "iPhone Developer";
				COPY_PHASE_STRIP = NO;
				DEBUG_INFORMATION_FORMAT = dwarf;
				ENABLE_STRICT_OBJC_MSGSEND = YES;
				ENABLE_TESTABILITY = YES;
				GCC_C_LANGUAGE_STANDARD = gnu99;
				GCC_DYNAMIC_NO_PIC = NO;
				GCC_NO_COMMON_BLOCKS = YES;
				GCC_OPTIMIZATION_LEVEL = 0;
				GCC_PREPROCESSOR_DEFINITIONS = (
					"DEBUG=1",
					"$(inherited)",
				);
				GCC_WARN_64_TO_32_BIT_CONVERSION = YES;
				GCC_WARN_ABOUT_RETURN_TYPE = YES_ERROR;
				GCC_WARN_UNDECLARED_SELECTOR = YES;
				GCC_WARN_UNINITIALIZED_AUTOS = YES_AGGRESSIVE;
				GCC_WARN_UNUSED_FUNCTION = YES;
				GCC_WARN_UNUSED_VARIABLE = YES;
				IPHONEOS_DEPLOYMENT_TARGET = 9.2;
				MTL_ENABLE_DEBUG_INFO = YES;
				ONLY_ACTIVE_ARCH = YES;
				SDKROOT = iphoneos;
				SWIFT_OPTIMIZATION_LEVEL = "-Onone";
			};
			name = Debug;
		};
		B65531651C85A1E200624231 /* Release */ = {
			isa = XCBuildConfiguration;
			buildSettings = {
				ALWAYS_SEARCH_USER_PATHS = NO;
				CLANG_CXX_LANGUAGE_STANDARD = "gnu++0x";
				CLANG_CXX_LIBRARY = "libc++";
				CLANG_ENABLE_MODULES = YES;
				CLANG_ENABLE_OBJC_ARC = YES;
				CLANG_WARN_BOOL_CONVERSION = YES;
				CLANG_WARN_CONSTANT_CONVERSION = YES;
				CLANG_WARN_DIRECT_OBJC_ISA_USAGE = YES_ERROR;
				CLANG_WARN_EMPTY_BODY = YES;
				CLANG_WARN_ENUM_CONVERSION = YES;
				CLANG_WARN_INT_CONVERSION = YES;
				CLANG_WARN_OBJC_ROOT_CLASS = YES_ERROR;
				CLANG_WARN_UNREACHABLE_CODE = YES;
				CLANG_WARN__DUPLICATE_METHOD_MATCH = YES;
				"CODE_SIGN_IDENTITY[sdk=iphoneos*]" = "iPhone Developer";
				COPY_PHASE_STRIP = NO;
				DEBUG_INFORMATION_FORMAT = "dwarf-with-dsym";
				ENABLE_NS_ASSERTIONS = NO;
				ENABLE_STRICT_OBJC_MSGSEND = YES;
				GCC_C_LANGUAGE_STANDARD = gnu99;
				GCC_NO_COMMON_BLOCKS = YES;
				GCC_WARN_64_TO_32_BIT_CONVERSION = YES;
				GCC_WARN_ABOUT_RETURN_TYPE = YES_ERROR;
				GCC_WARN_UNDECLARED_SELECTOR = YES;
				GCC_WARN_UNINITIALIZED_AUTOS = YES_AGGRESSIVE;
				GCC_WARN_UNUSED_FUNCTION = YES;
				GCC_WARN_UNUSED_VARIABLE = YES;
				IPHONEOS_DEPLOYMENT_TARGET = 9.2;
				MTL_ENABLE_DEBUG_INFO = NO;
				SDKROOT = iphoneos;
				VALIDATE_PRODUCT = YES;
			};
			name = Release;
		};
		B65531671C85A1E200624231 /* Debug */ = {
			isa = XCBuildConfiguration;
			buildSettings = {
				ASSETCATALOG_COMPILER_APPICON_NAME = AppIcon;
				INFOPLIST_FILE = "Noughts and Crosses/Info.plist";
				LD_RUNPATH_SEARCH_PATHS = "$(inherited) @executable_path/Frameworks";
				PRODUCT_BUNDLE_IDENTIFIER = "com.sandralouise.Noughts-and-Crosses";
				PRODUCT_NAME = "$(TARGET_NAME)";
			};
			name = Debug;
		};
		B65531681C85A1E200624231 /* Release */ = {
			isa = XCBuildConfiguration;
			buildSettings = {
				ASSETCATALOG_COMPILER_APPICON_NAME = AppIcon;
				INFOPLIST_FILE = "Noughts and Crosses/Info.plist";
				LD_RUNPATH_SEARCH_PATHS = "$(inherited) @executable_path/Frameworks";
				PRODUCT_BUNDLE_IDENTIFIER = "com.sandralouise.Noughts-and-Crosses";
				PRODUCT_NAME = "$(TARGET_NAME)";
			};
			name = Release;
		};
/* End XCBuildConfiguration section */

/* Begin XCConfigurationList section */
		B655314F1C85A1E200624231 /* Build configuration list for PBXProject "Noughts and Crosses" */ = {
			isa = XCConfigurationList;
			buildConfigurations = (
				B65531641C85A1E200624231 /* Debug */,
				B65531651C85A1E200624231 /* Release */,
			);
			defaultConfigurationIsVisible = 0;
			defaultConfigurationName = Release;
		};
		B65531661C85A1E200624231 /* Build configuration list for PBXNativeTarget "Noughts and Crosses" */ = {
			isa = XCConfigurationList;
			buildConfigurations = (
				B65531671C85A1E200624231 /* Debug */,
				B65531681C85A1E200624231 /* Release */,
			);
			defaultConfigurationIsVisible = 0;
		};
/* End XCConfigurationList section */
	};
	rootObject = B655314C1C85A1E200624231 /* Project object */;
}
